dependencies:
- name: trivy-operator
  repository: https://aquasecurity.github.io/helm-charts/
  version: 0.32.1
- name: prometheus-pushgateway
  repository: https://prometheus-community.github.io/helm-charts
  version: 2.14.0
digest: sha256:82609e004657617968c9f0ebc00de876ca414f4b218ab2db077edc1c653ea27f
generated: "2026-05-18T15:39:18.240553323-05:00"
